
Microsoft Visual Studio Solution File, Format Version 12.00
# Visual Studio Version 16
VisualStudioVersion = 16.0.31112.23
MinimumVisualStudioVersion = 10.0.40219.1
Project("{FAE04EC0-301F-11D3-BF4B-00C04F79EFBC}") = "WebCurrencyConverter", "WebCurrencyConverter\WebCurrencyConverter.csproj", "{D0044A0D-8386-4C18-99A9-D3DD1A6DFE3B}"
EndProject
Project("{FAE04EC0-301F-11D3-BF4B-00C04F79EFBC}") = "UnitTestProject1", "UnitTestProject1\UnitTestProject1.csproj", "{606AB802-D4AA-4FF8-A5D8-61C1096F3200}"
EndProject
Global
	GlobalSection(SolutionConfigurationPlatforms) = preSolution
		Debug|Any CPU = Debug|Any CPU
		Release|Any CPU = Release|Any CPU
	EndGlobalSection
	GlobalSection(ProjectConfigurationPlatforms) = postSolution
		{D0044A0D-8386-4C18-99A9-D3DD1A6DFE3B}.Debug|Any CPU.ActiveCfg = Debug|Any CPU
		{D0044A0D-8386-4C18-99A9-D3DD1A6DFE3B}.Debug|Any CPU.Build.0 = Debug|Any CPU
		{D0044A0D-8386-4C18-99A9-D3DD1A6DFE3B}.Release|Any CPU.ActiveCfg = Release|Any CPU
		{D0044A0D-8386-4C18-99A9-D3DD1A6DFE3B}.Release|Any CPU.Build.0 = Release|Any CPU
		{606AB802-D4AA-4FF8-A5D8-61C1096F3200}.Debug|Any CPU.ActiveCfg = Debug|Any CPU
		{606AB802-D4AA-4FF8-A5D8-61C1096F3200}.Debug|Any CPU.Build.0 = Debug|Any CPU
		{606AB802-D4AA-4FF8-A5D8-61C1096F3200}.Release|Any CPU.ActiveCfg = Release|Any CPU
		{606AB802-D4AA-4FF8-A5D8-61C1096F3200}.Release|Any CPU.Build.0 = Release|Any CPU
	EndGlobalSection
	GlobalSection(SolutionProperties) = preSolution
		HideSolutionNode = FALSE
	EndGlobalSection
	GlobalSection(ExtensibilityGlobals) = postSolution
		SolutionGuid = {97BDC903-540B-4106-8F40-C4BB0D7965BF}
	EndGlobalSection
EndGlobal
